
Microsoft Visual Studio Solution File, Format Version 12.00
# Visual Studio Version 16
VisualStudioVersion = 16.0.33130.400
MinimumVisualStudioVersion = 10.0.40219.1
Project("{FAE04EC0-301F-11D3-BF4B-00C04F79EFBC}") = "Capgemini.Ems.PresentationLayer", "Capgemini.Ems.PresentationLayer\Capgemini.Ems.PresentationLayer.csproj", "{97DE8EBA-BF31-4267-8F89-9C4473899FF6}"
EndProject
Project("{FAE04EC0-301F-11D3-BF4B-00C04F79EFBC}") = "Capgemini.Ems.BusinessLayer", "Capgemini.Ems.BusinessLayer\Capgemini.Ems.BusinessLayer.csproj", "{FD70C01A-BF56-4566-A187-3A9918EE38BE}"
EndProject
Project("{FAE04EC0-301F-11D3-BF4B-00C04F79EFBC}") = "Capgemini.EMS.DAL", "Capgemini.EMS.DAL\Capgemini.EMS.DAL.csproj", "{0CD7C87C-FDFD-4354-916F-359365E73D18}"
EndProject
Project("{FAE04EC0-301F-11D3-BF4B-00C04F79EFBC}") = "Capgemini.EMS.Entities", "Capgemini.EMS.Entities\Capgemini.EMS.Entities.csproj", "{BFDEA502-08BD-4426-B032-841EE834DAFB}"
EndProject
Project("{FAE04EC0-301F-11D3-BF4B-00C04F79EFBC}") = "Capgemini.EMS.Exceptions", "Capgemini.EMS.Exceptions\Capgemini.EMS.Exceptions.csproj", "{C97243C0-9C86-493C-9C31-6604A84F794C}"
EndProject
Global
	GlobalSection(SolutionConfigurationPlatforms) = preSolution
		Debug|Any CPU = Debug|Any CPU
		Release|Any CPU = Release|Any CPU
	EndGlobalSection
	GlobalSection(ProjectConfigurationPlatforms) = postSolution
		{97DE8EBA-BF31-4267-8F89-9C4473899FF6}.Debug|Any CPU.ActiveCfg = Debug|Any CPU
		{97DE8EBA-BF31-4267-8F89-9C4473899FF6}.Debug|Any CPU.Build.0 = Debug|Any CPU
		{97DE8EBA-BF31-4267-8F89-9C4473899FF6}.Release|Any CPU.ActiveCfg = Release|Any CPU
		{97DE8EBA-BF31-4267-8F89-9C4473899FF6}.Release|Any CPU.Build.0 = Release|Any CPU
		{FD70C01A-BF56-4566-A187-3A9918EE38BE}.Debug|Any CPU.ActiveCfg = Debug|Any CPU
		{FD70C01A-BF56-4566-A187-3A9918EE38BE}.Debug|Any CPU.Build.0 = Debug|Any CPU
		{FD70C01A-BF56-4566-A187-3A9918EE38BE}.Release|Any CPU.ActiveCfg = Release|Any CPU
		{FD70C01A-BF56-4566-A187-3A9918EE38BE}.Release|Any CPU.Build.0 = Release|Any CPU
		{0CD7C87C-FDFD-4354-916F-359365E73D18}.Debug|Any CPU.ActiveCfg = Debug|Any CPU
		{0CD7C87C-FDFD-4354-916F-359365E73D18}.Debug|Any CPU.Build.0 = Debug|Any CPU
		{0CD7C87C-FDFD-4354-916F-359365E73D18}.Release|Any CPU.ActiveCfg = Release|Any CPU
		{0CD7C87C-FDFD-4354-916F-359365E73D18}.Release|Any CPU.Build.0 = Release|Any CPU
		{BFDEA502-08BD-4426-B032-841EE834DAFB}.Debug|Any CPU.ActiveCfg = Debug|Any CPU
		{BFDEA502-08BD-4426-B032-841EE834DAFB}.Debug|Any CPU.Build.0 = Debug|Any CPU
		{BFDEA502-08BD-4426-B032-841EE834DAFB}.Release|Any CPU.ActiveCfg = Release|Any CPU
		{BFDEA502-08BD-4426-B032-841EE834DAFB}.Release|Any CPU.Build.0 = Release|Any CPU
		{C97243C0-9C86-493C-9C31-6604A84F794C}.Debug|Any CPU.ActiveCfg = Debug|Any CPU
		{C97243C0-9C86-493C-9C31-6604A84F794C}.Debug|Any CPU.Build.0 = Debug|Any CPU
		{C97243C0-9C86-493C-9C31-6604A84F794C}.Release|Any CPU.ActiveCfg = Release|Any CPU
		{C97243C0-9C86-493C-9C31-6604A84F794C}.Release|Any CPU.Build.0 = Release|Any CPU
	EndGlobalSection
	GlobalSection(SolutionProperties) = preSolution
		HideSolutionNode = FALSE
	EndGlobalSection
	GlobalSection(ExtensibilityGlobals) = postSolution
		SolutionGuid = {32227001-92A8-4539-A613-A8860903CF14}
	EndGlobalSection
EndGlobal
